
Microsoft Visual Studio Solution File, Format Version 12.00
# Visual Studio Version 17
VisualStudioVersion = 17.11.35327.3
MinimumVisualStudioVersion = 10.0.40219.1
Project("{FAE04EC0-301F-11D3-BF4B-00C04F79EFBC}") = "TumakovLab", "..\HomeWork-Files5\TumakovLab\TumakovLab.csproj", "{C5BB2F88-E60E-4EFB-868C-3AD05E75E2B9}"
EndProject
Project("{FAE04EC0-301F-11D3-BF4B-00C04F79EFBC}") = "2 часть ДЗ 30.11.24", "..\HomeWork-Files5\2 часть ДЗ 30.11.24\2 часть ДЗ 30.11.24.csproj", "{10D3726D-806A-4F2B-A6EE-751651913382}"
EndProject
Project("{FAE04EC0-301F-11D3-BF4B-00C04F79EFBC}") = "ConsoleApp1", "..\HomeWork-Files5\ConsoleApp1\ConsoleApp1.csproj", "{ABC6D9D8-727B-405A-8E78-0F79E996B183}"
EndProject
Project("{FAE04EC0-301F-11D3-BF4B-00C04F79EFBC}") = "черновик", "..\HomeWork-Files5\черновик\черновик.csproj", "{30F8A0DE-8853-4CF6-ACD2-351708F6FA43}"
EndProject
Project("{FAE04EC0-301F-11D3-BF4B-00C04F79EFBC}") = "РЕАЛЬНОЕ ДЗ 2 ЧАСТЬ", "..\HomeWork-Files5\РЕАЛЬНОЕ ДЗ 2 ЧАСТЬ\РЕАЛЬНОЕ ДЗ 2 ЧАСТЬ.csproj", "{CC0A3190-D341-42BF-984B-C60FB3B34DBC}"
EndProject
Global
	GlobalSection(SolutionConfigurationPlatforms) = preSolution
		Debug|Any CPU = Debug|Any CPU
		Release|Any CPU = Release|Any CPU
	EndGlobalSection
	GlobalSection(ProjectConfigurationPlatforms) = postSolution
		{C5BB2F88-E60E-4EFB-868C-3AD05E75E2B9}.Debug|Any CPU.ActiveCfg = Debug|Any CPU
		{C5BB2F88-E60E-4EFB-868C-3AD05E75E2B9}.Debug|Any CPU.Build.0 = Debug|Any CPU
		{C5BB2F88-E60E-4EFB-868C-3AD05E75E2B9}.Release|Any CPU.ActiveCfg = Release|Any CPU
		{C5BB2F88-E60E-4EFB-868C-3AD05E75E2B9}.Release|Any CPU.Build.0 = Release|Any CPU
		{10D3726D-806A-4F2B-A6EE-751651913382}.Debug|Any CPU.ActiveCfg = Debug|Any CPU
		{10D3726D-806A-4F2B-A6EE-751651913382}.Debug|Any CPU.Build.0 = Debug|Any CPU
		{10D3726D-806A-4F2B-A6EE-751651913382}.Release|Any CPU.ActiveCfg = Release|Any CPU
		{10D3726D-806A-4F2B-A6EE-751651913382}.Release|Any CPU.Build.0 = Release|Any CPU
		{ABC6D9D8-727B-405A-8E78-0F79E996B183}.Debug|Any CPU.ActiveCfg = Debug|Any CPU
		{ABC6D9D8-727B-405A-8E78-0F79E996B183}.Debug|Any CPU.Build.0 = Debug|Any CPU
		{ABC6D9D8-727B-405A-8E78-0F79E996B183}.Release|Any CPU.ActiveCfg = Release|Any CPU
		{ABC6D9D8-727B-405A-8E78-0F79E996B183}.Release|Any CPU.Build.0 = Release|Any CPU
		{30F8A0DE-8853-4CF6-ACD2-351708F6FA43}.Debug|Any CPU.ActiveCfg = Debug|Any CPU
		{30F8A0DE-8853-4CF6-ACD2-351708F6FA43}.Debug|Any CPU.Build.0 = Debug|Any CPU
		{30F8A0DE-8853-4CF6-ACD2-351708F6FA43}.Release|Any CPU.ActiveCfg = Release|Any CPU
		{30F8A0DE-8853-4CF6-ACD2-351708F6FA43}.Release|Any CPU.Build.0 = Release|Any CPU
		{CC0A3190-D341-42BF-984B-C60FB3B34DBC}.Debug|Any CPU.ActiveCfg = Debug|Any CPU
		{CC0A3190-D341-42BF-984B-C60FB3B34DBC}.Debug|Any CPU.Build.0 = Debug|Any CPU
		{CC0A3190-D341-42BF-984B-C60FB3B34DBC}.Release|Any CPU.ActiveCfg = Release|Any CPU
		{CC0A3190-D341-42BF-984B-C60FB3B34DBC}.Release|Any CPU.Build.0 = Release|Any CPU
	EndGlobalSection
	GlobalSection(SolutionProperties) = preSolution
		HideSolutionNode = FALSE
	EndGlobalSection
	GlobalSection(ExtensibilityGlobals) = postSolution
		SolutionGuid = {D6DE81FC-B66C-4619-AE74-D22FDFF54BFC}
	EndGlobalSection
EndGlobal
